{
  "name": "Client-Observable",
  "version": "1.0.0",
  "lockfileVersion": 1,
  "requires": true,
  "dependencies": {
    "any-observable": {
      "version": "0.3.0",
      "resolved": "https://registry.npmjs.org/any-observable/-/any-observable-0.3.0.tgz",
      "integrity": "sha512-/FQM1EDkTsf63Ub2C6O7GuYFDsSXUwsaZDurV0np41ocwq0jthUAYCmhBX9f+KwlaCgIuWyr/4WlUQUBfKfZog=="
    },
    "rx": {
      "version": "4.1.0",
      "resolved": "https://registry.npmjs.org/rx/-/rx-4.1.0.tgz",
      "integrity": "sha1-pfE/957zt0D+MKqAP7CfmIBdR4I="
    },
    "rx-node": {
      "version": "1.0.2",
      "resolved": "https://registry.npmjs.org/rx-node/-/rx-node-1.0.2.tgz",
      "integrity": "sha1-FRJAclp56Fc2CrBsxiZ5mWXglN4=",
      "requires": {
        "rx": "*"
      }
    },
    "rxjs": {
      "version": "6.3.2",
      "resolved": "https://registry.npmjs.org/rxjs/-/rxjs-6.3.2.tgz",
      "integrity": "sha512-hV7criqbR0pe7EeL3O66UYVg92IR0XsA97+9y+BWTePK9SKmEI5Qd3Zj6uPnGkNzXsBywBQWTvujPl+1Kn9Zjw==",
      "requires": {
        "tslib": "^1.9.0"
      }
    },
    "split": {
      "version": "1.0.1",
      "resolved": "https://registry.npmjs.org/split/-/split-1.0.1.tgz",
      "integrity": "sha512-mTyOoPbrivtXnwnIxZRFYRrPNtEFKlpB2fvjSnCQUiAA6qAZzqwna5envK4uk6OIeP17CsdF3rSBGYVBsU0Tkg==",
      "requires": {
        "through": "2"
      }
    },
    "stream-to-observable": {
      "version": "0.2.0",
      "resolved": "https://registry.npmjs.org/stream-to-observable/-/stream-to-observable-0.2.0.tgz",
      "integrity": "sha1-WdbqOT2HwsDdrBCqDVYbxrpvDhA=",
      "requires": {
        "any-observable": "^0.2.0"
      },
      "dependencies": {
        "any-observable": {
          "version": "0.2.0",
          "resolved": "https://registry.npmjs.org/any-observable/-/any-observable-0.2.0.tgz",
          "integrity": "sha1-xnhwBYADV5AJCD9UrAq6+1wz0kI="
        }
      }
    },
    "through": {
      "version": "2.3.8",
      "resolved": "https://registry.npmjs.org/through/-/through-2.3.8.tgz",
      "integrity": "sha1-DdTJ/6q8NXlgsbckEV1+Doai4fU="
    },
    "tslib": {
      "version": "1.9.3",
      "resolved": "https://registry.npmjs.org/tslib/-/tslib-1.9.3.tgz",
      "integrity": "sha512-4krF8scpejhaOgqzBEcGM7yDIEfi0/8+8zDRZhNZZ2kjmHJ4hv3zCbQWxoJGz1iw5U0Jl0nma13xzHXcncMavQ=="
    }
  }
}
